
Microsoft Visual Studio Solution File, Format Version 12.00
# Visual Studio Version 17
VisualStudioVersion = 17.11.35222.181
MinimumVisualStudioVersion = 10.0.40219.1
Project("{FAE04EC0-301F-11D3-BF4B-00C04F79EFBC}") = "SIMAPI", "SIMAPI\SIMAPI.csproj", "{148BCBF6-1288-4CD5-9E99-6EFFA9FBBCBA}"
EndProject
Global
	GlobalSection(SolutionConfigurationPlatforms) = preSolution
		Debug|Any CPU = Debug|Any CPU
		Release|Any CPU = Release|Any CPU
	EndGlobalSection
	GlobalSection(ProjectConfigurationPlatforms) = postSolution
		{148BCBF6-1288-4CD5-9E99-6EFFA9FBBCBA}.Debug|Any CPU.ActiveCfg = Debug|Any CPU
		{148BCBF6-1288-4CD5-9E99-6EFFA9FBBCBA}.Debug|Any CPU.Build.0 = Debug|Any CPU
		{148BCBF6-1288-4CD5-9E99-6EFFA9FBBCBA}.Release|Any CPU.ActiveCfg = Release|Any CPU
		{148BCBF6-1288-4CD5-9E99-6EFFA9FBBCBA}.Release|Any CPU.Build.0 = Release|Any CPU
	EndGlobalSection
	GlobalSection(SolutionProperties) = preSolution
		HideSolutionNode = FALSE
	EndGlobalSection
	GlobalSection(ExtensibilityGlobals) = postSolution
		SolutionGuid = {57B8200D-1762-4D18-BE5F-6B665AFBCFA5}
	EndGlobalSection
EndGlobal
